version = 1
revision = 3
requires-python = ">=3.10"

[[package]]
name = "pyslang"
version = "11.0.0"
source = { registry = "https://pypi.org/simple" }
sdist = { url = "https://files.pythonhosted.org/packages/36/8d/65400aa82cea1e48de2b9992b0470a30ea9626956b196fa45d4cf5cdce5e/pyslang-11.0.0.tar.gz", hash = "sha256:9736e6faa048a3d06c5c9cd795b540ee24a6053d337428a66a62194b3256829d", size = 1909069, upload-time = "2026-05-15T14:56:55.703Z" }
wheels = [
    { url = "https://files.pythonhosted.org/packages/90/a3/a87b9213d32821ffc14289835ddb389cdc180d18b701dd0d692a910a9281/pyslang-11.0.0-cp310-cp310-macosx_11_0_arm64.whl", hash = "sha256:c9ae1a7eca416b938fb5beb28ca877bbf453df4ac7fda3cb87c8bc3c7e91667b", size = 4615008, upload-time = "2026-05-15T14:55:41.454Z" },
    { url = "https://files.pythonhosted.org/packages/b9/fa/dba6c9080d376cf40c8d6baae63761ca31fdaeecfb9c3ce6da47a8082965/pyslang-11.0.0-cp310-cp310-macosx_11_0_universal2.whl", hash = "sha256:403586de729b88957c01d862d9e1afe63642d43335a8624712e75a61e991ee32", size = 9403891, upload-time = "2026-05-15T14:55:43.644Z" },
    { url = "https://files.pythonhosted.org/packages/70/c7/ab84ab57b0e449a0e56b4a5d26260e1b2013a6e198fc6a98e28403d8fbba/pyslang-11.0.0-cp310-cp310-manylinux_2_27_aarch64.manylinux_2_28_aarch64.whl", hash = "sha256:1202b5c52605bf20cbb23d54d6d3d9d4c81b0bf0b0a76376ac47d4e50f875a63", size = 5824943, upload-time = "2026-05-15T14:55:45.882Z" },
    { url = "https://files.pythonhosted.org/packages/35/d5/9dce998f18d98179c5902a9e30c4a77e0b0a180920864459f56fd161d42f/pyslang-11.0.0-cp310-cp310-manylinux_2_27_x86_64.manylinux_2_28_x86_64.whl", hash = "sha256:3346f50648c0d62ac63856908f86c850d9f8c3d2b07d7a4f36d315f5afa2b5d4", size = 6526877, upload-time = "2026-05-15T14:55:47.619Z" },
    { url = "https://files.pythonhosted.org/packages/e3/2f/7b957ddee0d97d4c5bcef07a583b2d3a78317504e3f252fd86bc9b005617/pyslang-11.0.0-cp310-cp310-win_amd64.whl", hash = "sha256:e3f27d44b95cc2d501a17f81f51f5c7f844a0cc2e1cf3e7d6b25e56950b35ec1", size = 3509745, upload-time = "2026-05-15T14:55:49.268Z" },
    { url = "https://files.pythonhosted.org/packages/c8/26/0a05a90ba416630cf3f7e35fb1b609ad6ddb94ef81ea8d6e61accd8f97e9/pyslang-11.0.0-cp311-cp311-macosx_11_0_arm64.whl", hash = "sha256:cb606836aa2803467efa5a2986cdc43f32c15d93315cf79d76eb3fb21eb64913", size = 4615607, upload-time = "2026-05-15T14:55:50.904Z" },
    { url = "https://files.pythonhosted.org/packages/2c/b9/16fbf7e9146c1c715f6196c54a3ca3d403eec7c3fadd8118c8f535ee1f24/pyslang-11.0.0-cp311-cp311-macosx_11_0_universal2.whl", hash = "sha256:7661017eac6ff745e7e78d223d89f75b78c388e8fd5be76e217c6f3daed873b1", size = 9405896, upload-time = "2026-05-15T14:55:53.282Z" },
    { url = "https://files.pythonhosted.org/packages/a5/2b/4eec4b539dcbc65ba2847036135a1bc034dadad42007fc2d04ed58f4228d/pyslang-11.0.0-cp311-cp311-manylinux_2_27_aarch64.manylinux_2_28_aarch64.whl", hash = "sha256:9c1df12ec9d2988d138ccf6a40f99ef8e6f3c44e79e64487f3a06deb7e4ca55a", size = 5830374, upload-time = "2026-05-15T14:55:55.414Z" },
    { url = "https://files.pythonhosted.org/packages/ac/bc/a8830bdbbe30ac04b8a545c5e630707c99da3bed348ea8a96d2591e7e79d/pyslang-11.0.0-cp311-cp311-manylinux_2_27_x86_64.manylinux_2_28_x86_64.whl", hash = "sha256:b0ddf4fa29b72e0386d43863c4e7b5d53a4b0e5db6f7038c0f47f2e3e97a88bc", size = 6530751, upload-time = "2026-05-15T14:55:57.234Z" },
    { url = "https://files.pythonhosted.org/packages/39/6e/b3ad1b30f430613b4a52aae236c38f293384a505401d7823aaa438fe32bb/pyslang-11.0.0-cp311-cp311-win_amd64.whl", hash = "sha256:308271e5fb1879a948d57048b212d46e5ac30a6aeaf7be57e1677553985d01ea", size = 3514203, upload-time = "2026-05-15T14:56:04.483Z" },
    { url = "https://files.pythonhosted.org/packages/c3/ca/72c9a1274b011877b4f3ff21b826ff7ccdb13d5c00cba9ae4aaaa9487397/pyslang-11.0.0-cp312-cp312-macosx_11_0_arm64.whl", hash = "sha256:2b00884371a212389c8563718fb9cf842ce7afd8f1cd41562f4ea5ef9f1bfb78", size = 4639310, upload-time = "2026-05-15T14:56:06.065Z" },
    { url = "https://files.pythonhosted.org/packages/b4/70/63afac025096726d10e18ceb19e8cc1234389e84490842183a39db6c1c3f/pyslang-11.0.0-cp312-cp312-macosx_11_0_universal2.whl", hash = "sha256:fc2698f975f20cac92ae1ade73ee42db22118f4478df989b5443804412e0b623", size = 9492684, upload-time = "2026-05-15T14:56:07.728Z" },
    { url = "https://files.pythonhosted.org/packages/7a/30/ae64437946a95e0d8fdb8ab0643b8466a72c82ac375ccf154623448c98bd/pyslang-11.0.0-cp312-cp312-manylinux_2_27_aarch64.manylinux_2_28_aarch64.whl", hash = "sha256:0b20de10b0a38b7a6907b7cbe3a0b3f9a2dadb0594bc22d44bbc06f2f4900a02", size = 5834395, upload-time = "2026-05-15T14:56:09.749Z" },
    { url = "https://files.pythonhosted.org/packages/77/29/c677c2b3f7b3b8dfe19341849afb8fda288f7a984df1a8bd4ad04d58560f/pyslang-11.0.0-cp312-cp312-manylinux_2_27_x86_64.manylinux_2_28_x86_64.whl", hash = "sha256:a964ac225b5f3e92a57459673c17634884184ae3091a76f8cf5e0b9e2aeca8b2", size = 6545053, upload-time = "2026-05-15T14:56:12.028Z" },
    { url = "https://files.pythonhosted.org/packages/48/43/9795b07e4722d50d199df88e01b1a3c41c8ca4a853493e77bc285d67d208/pyslang-11.0.0-cp312-cp312-win_amd64.whl", hash = "sha256:62200e8766d16e1583ae2dea1994a524ee0e6afa16786a2e73063d335a2c39a8", size = 3522100, upload-time = "2026-05-15T14:56:13.98Z" },
    { url = "https://files.pythonhosted.org/packages/2b/61/94c0de6dba22b1bdf52d4b62e593cb305275a008bf1ad75635252cb793d9/pyslang-11.0.0-cp313-cp313-macosx_11_0_arm64.whl", hash = "sha256:f9d6c1a20b6d9b3db9ef45411f13aacf85d4fb984f56c719195afce91b2e93e7", size = 4638815, upload-time = "2026-05-15T14:56:15.611Z" },
    { url = "https://files.pythonhosted.org/packages/bb/44/2daaecee70cca93f89375165f9cd23ecad71a865a42a3f98f7373e4f0c46/pyslang-11.0.0-cp313-cp313-macosx_11_0_universal2.whl", hash = "sha256:84e6e7217336bccc6b66ca912ddbaa6abc79d507681840fcd451ad403bb5249c", size = 9492422, upload-time = "2026-05-15T14:56:17.607Z" },
    { url = "https://files.pythonhosted.org/packages/c7/c7/6ce0a6ea26692c31f137746d3fab3523c83c7a4f5d5717555b4b678e47c0/pyslang-11.0.0-cp313-cp313-manylinux_2_27_aarch64.manylinux_2_28_aarch64.whl", hash = "sha256:35e45f80dde9e90a34788601f931329bbac849f2fa3706cf94ed44bff6addf3d", size = 5834337, upload-time = "2026-05-15T14:56:19.885Z" },
    { url = "https://files.pythonhosted.org/packages/23/cc/4277ce5f936c892daa6924bd5e89dd25d46385d757d9a1b313f67c833e8f/pyslang-11.0.0-cp313-cp313-manylinux_2_27_x86_64.manylinux_2_28_x86_64.whl", hash = "sha256:3557e20a45b5535e24ed2481ab07d2ea136ec6e17e448f846eff38c8bf2dde22", size = 6544393, upload-time = "2026-05-15T14:56:22.058Z" },
    { url = "https://files.pythonhosted.org/packages/62/e1/b525b2db646585526035908f10bb02b6435e4a78b5847eac604cc18efb14/pyslang-11.0.0-cp313-cp313-win_amd64.whl", hash = "sha256:b9cae2cc3d856bf7e52620a74cf9e2bb687c280ecccf70fbb63e49e690e77a47", size = 3521891, upload-time = "2026-05-15T14:56:24.079Z" },
    { url = "https://files.pythonhosted.org/packages/a2/6b/3b35959a5ba4cefc12674be5d8e0026bb881ee2f939d36291adf749ba6ff/pyslang-11.0.0-cp314-cp314-macosx_11_0_arm64.whl", hash = "sha256:95c43dbe096b383cae85b2080a66e0c49e951306510d9116de287f0687ef75bf", size = 4643741, upload-time = "2026-05-15T14:56:25.687Z" },
    { url = "https://files.pythonhosted.org/packages/df/44/75972269f2cb6f848cd29f23c926df744a9ea57f8774c8be248d39c3adf8/pyslang-11.0.0-cp314-cp314-macosx_11_0_universal2.whl", hash = "sha256:5f8778f45f549940da8df8bf62bdd39d58a04b8400b93c7afcafa754bc06b525", size = 9501426, upload-time = "2026-05-15T14:56:27.518Z" },
    { url = "https://files.pythonhosted.org/packages/d5/63/3ba1f40f74d33927ffb4d29602ed8587b610a540dfc8c9985a2f9634416c/pyslang-11.0.0-cp314-cp314-manylinux_2_27_aarch64.manylinux_2_28_aarch64.whl", hash = "sha256:07e1a3762c038903c4cbaaceda6d12886a6868d21bc51aaf6d747f6cf740b305", size = 5840609, upload-time = "2026-05-15T14:56:29.586Z" },
    { url = "https://files.pythonhosted.org/packages/76/9f/b84f7b2c91f21500583153ca41d08acef8ed7a4d61d93e8ddeea43215d39/pyslang-11.0.0-cp314-cp314-manylinux_2_27_x86_64.manylinux_2_28_x86_64.whl", hash = "sha256:8c996184f1b4739e3698a85c7d1a2a3436429ba6f0a87a897c7c8bace921e098", size = 6537179, upload-time = "2026-05-15T14:56:31.308Z" },
    { url = "https://files.pythonhosted.org/packages/f5/6c/7488aa57816f2a92ee8acf691d0a4563b99d4ea96285f6fe0a7a0f2873b0/pyslang-11.0.0-cp314-cp314-win_amd64.whl", hash = "sha256:c67a10162bc9381b8223de8ac7aa3d58d3f98f720bb36e8b44db1a9d906245bc", size = 3644555, upload-time = "2026-05-15T14:56:33.362Z" },
    { url = "https://files.pythonhosted.org/packages/0a/f7/66069f959cfcf7ba0690bc31206fb00d7119e333a51f2224acf745abda4a/pyslang-11.0.0-cp314-cp314t-macosx_11_0_arm64.whl", hash = "sha256:8ed0b3ec715e8157adbfe79c4324dbe4d5cb552974ceeac17528253f5bb9b13b", size = 4861177, upload-time = "2026-05-15T14:56:35.18Z" },
    { url = "https://files.pythonhosted.org/packages/57/49/3d9b6fba364c68ccef1ac8f586f7545033e82999ccffc72add6b0dcdeff9/pyslang-11.0.0-cp314-cp314t-macosx_11_0_universal2.whl", hash = "sha256:43a94cad21ed2022ae567acfa45aeff62022f2a11884bed4bcfa4f546a86848f", size = 9943886, upload-time = "2026-05-15T14:56:37.293Z" },
    { url = "https://files.pythonhosted.org/packages/0c/fc/64a87a855d4bb63fc06c17616be3b5a8caf71e0640c5aee0d97258a2329a/pyslang-11.0.0-cp314-cp314t-manylinux_2_27_aarch64.manylinux_2_28_aarch64.whl", hash = "sha256:cca0265bfabb1d97cfb1fc5d51b91356d627c711bfcfa9b7620ca586dae1ae0c", size = 5870038, upload-time = "2026-05-15T14:56:39.527Z" },
    { url = "https://files.pythonhosted.org/packages/9e/3a/9f45215f96d7398fb9d146f0445ef44056a96373049dfa8528dbb5ef0c4e/pyslang-11.0.0-cp314-cp314t-manylinux_2_27_x86_64.manylinux_2_28_x86_64.whl", hash = "sha256:7349e3d420befaf00da9362c7d543ec1d1c97a3c2762d9673205968225e838eb", size = 6592029, upload-time = "2026-05-15T14:56:41.379Z" },
    { url = "https://files.pythonhosted.org/packages/8c/e7/e892415efa5a9b39f29e84639f6666c9067c4eab58130a3eb6808022cde7/pyslang-11.0.0-cp314-cp314t-win_amd64.whl", hash = "sha256:8d978297b11574ccfd53f17ccdcc5f9ca5b5e3af5c17cb07c84a8eb189377327", size = 3990466, upload-time = "2026-05-15T14:56:43.567Z" },
]

[[package]]
name = "unifpga-slang-probe"
version = "0.0.0"
source = { virtual = "." }
dependencies = [
    { name = "pyslang" },
]

[package.metadata]
requires-dist = [{ name = "pyslang", specifier = "==11.0.0" }]
